
Microsoft Visual Studio Solution File, Format Version 12.00
# Visual Studio Version 16
VisualStudioVersion = 16.0.31205.134
MinimumVisualStudioVersion = 10.0.40219.1
Project("{FAE04EC0-301F-11D3-BF4B-00C04F79EFBC}") = "HMSAPIGateway", "HMSAPIGateway\HMSAPIGateway.csproj", "{9999F3A7-586B-49FF-B480-5A65841EFDF6}"
EndProject
Global
	GlobalSection(SolutionConfigurationPlatforms) = preSolution
		Debug|Any CPU = Debug|Any CPU
		Release|Any CPU = Release|Any CPU
	EndGlobalSection
	GlobalSection(ProjectConfigurationPlatforms) = postSolution
		{9999F3A7-586B-49FF-B480-5A65841EFDF6}.Debug|Any CPU.ActiveCfg = Debug|Any CPU
		{9999F3A7-586B-49FF-B480-5A65841EFDF6}.Debug|Any CPU.Build.0 = Debug|Any CPU
		{9999F3A7-586B-49FF-B480-5A65841EFDF6}.Release|Any CPU.ActiveCfg = Release|Any CPU
		{9999F3A7-586B-49FF-B480-5A65841EFDF6}.Release|Any CPU.Build.0 = Release|Any CPU
	EndGlobalSection
	GlobalSection(SolutionProperties) = preSolution
		HideSolutionNode = FALSE
	EndGlobalSection
	GlobalSection(ExtensibilityGlobals) = postSolution
		SolutionGuid = {F049F2C8-E983-48DF-9D6F-8F5C58D299E6}
	EndGlobalSection
EndGlobal
